
Microsoft Visual Studio Solution File, Format Version 12.00
# Visual Studio Version 17
VisualStudioVersion = 17.8.34330.188
MinimumVisualStudioVersion = 10.0.40219.1
Project("{FAE04EC0-301F-11D3-BF4B-00C04F79EFBC}") = "star_visualstudio_project", "star_visualstudio_project\star_visualstudio_project.csproj", "{D79FD13A-A169-4EAD-AB82-F2CF7D3F3890}"
EndProject
Global
	GlobalSection(SolutionConfigurationPlatforms) = preSolution
		Debug|Any CPU = Debug|Any CPU
		Release|Any CPU = Release|Any CPU
	EndGlobalSection
	GlobalSection(ProjectConfigurationPlatforms) = postSolution
		{D79FD13A-A169-4EAD-AB82-F2CF7D3F3890}.Debug|Any CPU.ActiveCfg = Debug|Any CPU
		{D79FD13A-A169-4EAD-AB82-F2CF7D3F3890}.Debug|Any CPU.Build.0 = Debug|Any CPU
		{D79FD13A-A169-4EAD-AB82-F2CF7D3F3890}.Release|Any CPU.ActiveCfg = Release|Any CPU
		{D79FD13A-A169-4EAD-AB82-F2CF7D3F3890}.Release|Any CPU.Build.0 = Release|Any CPU
	EndGlobalSection
	GlobalSection(SolutionProperties) = preSolution
		HideSolutionNode = FALSE
	EndGlobalSection
	GlobalSection(ExtensibilityGlobals) = postSolution
		SolutionGuid = {E02974B7-D6FD-49B9-BE65-7F473701EB26}
	EndGlobalSection
EndGlobal
